schema: '2.0'
stages:
  data_ingestion:
    cmd: python src/data_ingestion.py
    deps:
    - path: data/healthcare_dataset.csv
      hash: md5
      md5: 70c0e27b0b39ae8fbfc48eb919fec5d0
      size: 3549886
    - path: src/data_ingestion.py
      hash: md5
      md5: 6de131e2c9dcb94984ca49680d43262b
      size: 2016
    params:
      params.yaml:
        data_ingestion.test_size: 0.2
    outs:
    - path: process/raw/test.csv
      hash: md5
      md5: 6aac704d4a200064209e1a6528442875
      size: 709549
    - path: process/raw/train.csv
      hash: md5
      md5: f223ba9c630508408f70cca6f3903f16
      size: 2840429
  data_processing:
    cmd: python src/data_processing.py
    deps:
    - path: process/raw/test.csv
      hash: md5
      md5: 6aac704d4a200064209e1a6528442875
      size: 709549
    - path: process/raw/train.csv
      hash: md5
      md5: f223ba9c630508408f70cca6f3903f16
      size: 2840429
    - path: src/data_processing.py
      hash: md5
      md5: 56f31b118c8fe6e6fdd985309bcba54e
      size: 2361
    outs:
    - path: process/interim/test.csv
      hash: md5
      md5: f8965894cc9b68a99fcf9ea6bf21ac8d
      size: 884471
    - path: process/interim/train.csv
      hash: md5
      md5: f684a14d5495f6d3d0c302c593cd0414
      size: 3537375
  feature_selection:
    cmd: python src/feature_selection.py
    deps:
    - path: process/interim/test.csv
      hash: md5
      md5: f8965894cc9b68a99fcf9ea6bf21ac8d
      size: 884471
    - path: process/interim/train.csv
      hash: md5
      md5: f684a14d5495f6d3d0c302c593cd0414
      size: 3537375
    - path: src/feature_selection.py
      hash: md5
      md5: 1e53322dc03ac1707ebba893fdb06287
      size: 2310
    params:
      params.yaml:
        feature_selection.features: 7
    outs:
    - path: process/featured/test.csv
      hash: md5
      md5: 674a8d30759e418ea8002d0a8b129709
      size: 875830
    - path: process/featured/train.csv
      hash: md5
      md5: b624dc488e6b6064691f94f03d79e04c
      size: 3502967
  model_training:
    cmd: python src/model_training.py
    deps:
    - path: process/featured/train.csv
      hash: md5
      md5: b624dc488e6b6064691f94f03d79e04c
      size: 3502967
    - path: src/model_training.py
      hash: md5
      md5: 6044d5f08c43a364e756fa82b6be2ea6
      size: 1423
    outs:
    - path: models/model.pkl
      hash: md5
      md5: 439baadb9944e46f3d16a1615571aa63
      size: 290108161
  model_evaluation:
    cmd: python src/model_evaluation.py
    deps:
    - path: models/model.pkl
      hash: md5
      md5: 439baadb9944e46f3d16a1615571aa63
      size: 290108161
    - path: process/featured/test.csv
      hash: md5
      md5: 674a8d30759e418ea8002d0a8b129709
      size: 875830
    - path: src/model_evaluation.py
      hash: md5
      md5: 0004519b01ad8a950a6a77b46387b32e
      size: 3090
    outs:
    - path: REPORT/evaluation_metrics.json
      hash: md5
      md5: 985a4f5709b35bdaaa9c4fe2b757d585
      size: 847
